{
  "meteor": {},
  "dependencies": {
    "basePackages": {
      "foundation": {},
      "scss": {},
      "iron-router": {},
      "analytics": {},
      "fonts-helveticas": {},
      "jquery-scrollTo": {}
    },
    "packages": {
      "foundation": {
        "git": "https://github.com/ewall/meteor-foundation.git",
        "tag": "v4.3.2",
        "commit": "4cd0dc6ac5c69bf7477917a836d9078262d273a0"
      },
      "scss": {
        "git": "https://github.com/fourseven/meteor-scss.git",
        "tag": "v0.7.0",
        "commit": "39f60d58c2b890bdd897ef52188644f3093fc2ac"
      },
      "iron-router": {
        "git": "https://github.com/EventedMind/iron-router.git",
        "tag": "v0.6.2",
        "commit": "ce56e58b45624dce992490f3a1c10f10d3948bae"
      },
      "analytics": {
        "git": "https://github.com/Tarangp/Meteor-Analytics.git",
        "tag": "v0.3.9",
        "commit": "8efca2c6e006bc75f97ff4c3002a2f9ab1a6b91b"
      },
      "fonts-helveticas": {
        "git": "https://github.com/awatson1978/fonts-helveticas.git",
        "tag": "v0.2.0",
        "commit": "5bc7e8483e81d86363853e9aa15bae8987b8378a"
      },
      "jquery-scrollTo": {
        "git": "https://github.com/nate-strauser/meteor-jquery.scrollTo.git",
        "tag": "v1.4.6",
        "commit": "ab6f05c43e2a54fc7711e5a2ff8daa45e5ff4322"
      }
    }
  }
}
